
Microsoft Visual Studio Solution File, Format Version 12.00
# Visual Studio Version 17
VisualStudioVersion = 17.2.32630.192
MinimumVisualStudioVersion = 10.0.40219.1
Project("{9A19103F-16F7-4668-BE54-9A1E7A4F7556}") = "ConnectionStringChecker", "ConnectionStringChecker\ConnectionStringChecker.csproj", "{2521F2DA-9DAB-4DD4-ADE7-6BD951F24305}"
EndProject
Project("{FAE04EC0-301F-11D3-BF4B-00C04F79EFBC}") = "ConnectionsResolver", "ConnectionsResolver\ConnectionsResolver.csproj", "{3F9EF490-E8E0-4BB6-942D-18207439A02D}"
EndProject
Global
	GlobalSection(SolutionConfigurationPlatforms) = preSolution
		Debug|Any CPU = Debug|Any CPU
		Release|Any CPU = Release|Any CPU
	EndGlobalSection
	GlobalSection(ProjectConfigurationPlatforms) = postSolution
		{2521F2DA-9DAB-4DD4-ADE7-6BD951F24305}.Debug|Any CPU.ActiveCfg = Debug|Any CPU
		{2521F2DA-9DAB-4DD4-ADE7-6BD951F24305}.Debug|Any CPU.Build.0 = Debug|Any CPU
		{2521F2DA-9DAB-4DD4-ADE7-6BD951F24305}.Release|Any CPU.ActiveCfg = Release|Any CPU
		{2521F2DA-9DAB-4DD4-ADE7-6BD951F24305}.Release|Any CPU.Build.0 = Release|Any CPU
		{3F9EF490-E8E0-4BB6-942D-18207439A02D}.Debug|Any CPU.ActiveCfg = Debug|Any CPU
		{3F9EF490-E8E0-4BB6-942D-18207439A02D}.Debug|Any CPU.Build.0 = Debug|Any CPU
		{3F9EF490-E8E0-4BB6-942D-18207439A02D}.Release|Any CPU.ActiveCfg = Release|Any CPU
		{3F9EF490-E8E0-4BB6-942D-18207439A02D}.Release|Any CPU.Build.0 = Release|Any CPU
	EndGlobalSection
	GlobalSection(SolutionProperties) = preSolution
		HideSolutionNode = FALSE
	EndGlobalSection
	GlobalSection(ExtensibilityGlobals) = postSolution
		SolutionGuid = {75D10E5F-E973-4723-A0DD-9542C2509279}
	EndGlobalSection
EndGlobal
